// !$*UTF8*$!
{
	archiveVersion = 1;
	classes = {
	};
	objectVersion = 55;
	objects = {

/* Begin PBXBuildFile section */
		421171BDF9D1AEA96D0A1BED /* Pods_Youtube_Clone.framework in Frameworks */ = {isa = PBXBuildFile; fileRef = 56FFDC75825A62710E51DA24 /* Pods_Youtube_Clone.framework */; };
		F2492A68271815B400775417 /* SF-Pro-Display-Regular.otf in Resources */ = {isa = PBXBuildFile; fileRef = F2492A67271815B400775417 /* SF-Pro-Display-Regular.otf */; };
		F259A3D2272A7E96002F0532 /* ShortsCollectionViewCell.swift in Sources */ = {isa = PBXBuildFile; fileRef = F259A3D0272A7E96002F0532 /* ShortsCollectionViewCell.swift */; };
		F259A3D3272A7E96002F0532 /* ShortsCollectionViewCell.xib in Resources */ = {isa = PBXBuildFile; fileRef = F259A3D1272A7E96002F0532 /* ShortsCollectionViewCell.xib */; };
		F259A3D5272A81BC002F0532 /* shortsCollectionDataModel.swift in Sources */ = {isa = PBXBuildFile; fileRef = F259A3D4272A81BC002F0532 /* shortsCollectionDataModel.swift */; };
		F25C6FF1272B864400967EBE /* CategoryCollectionViewCell.swift in Sources */ = {isa = PBXBuildFile; fileRef = F25C6FEF272B864400967EBE /* CategoryCollectionViewCell.swift */; };
		F25C6FF2272B864400967EBE /* CategoryCollectionViewCell.xib in Resources */ = {isa = PBXBuildFile; fileRef = F25C6FF0272B864400967EBE /* CategoryCollectionViewCell.xib */; };
		F27B0258271C5DA50034EFC4 /* SF-Pro-Display-Bold.otf in Resources */ = {isa = PBXBuildFile; fileRef = F27B0257271C5DA50034EFC4 /* SF-Pro-Display-Bold.otf */; };
		F27B025A271C5DBA0034EFC4 /* SF-Pro-Display-Semibold.otf in Resources */ = {isa = PBXBuildFile; fileRef = F27B0259271C5DBA0034EFC4 /* SF-Pro-Display-Semibold.otf */; };
		F27B0260271C83340034EFC4 /* Tabbar.storyboard in Resources */ = {isa = PBXBuildFile; fileRef = F27B025F271C83340034EFC4 /* Tabbar.storyboard */; };
		F281F50F270D456D006EA470 /* AppDelegate.swift in Sources */ = {isa = PBXBuildFile; fileRef = F281F50E270D456D006EA470 /* AppDelegate.swift */; };
		F281F511270D456D006EA470 /* SceneDelegate.swift in Sources */ = {isa = PBXBuildFile; fileRef = F281F510270D456D006EA470 /* SceneDelegate.swift */; };
		F281F516270D456D006EA470 /* Main.storyboard in Resources */ = {isa = PBXBuildFile; fileRef = F281F514270D456D006EA470 /* Main.storyboard */; };
		F281F518270D456E006EA470 /* Assets.xcassets in Resources */ = {isa = PBXBuildFile; fileRef = F281F517270D456E006EA470 /* Assets.xcassets */; };
		F281F51B270D456E006EA470 /* LaunchScreen.storyboard in Resources */ = {isa = PBXBuildFile; fileRef = F281F519270D456E006EA470 /* LaunchScreen.storyboard */; };
		F28A21F02729A20500E0319E /* homeDataModel.swift in Sources */ = {isa = PBXBuildFile; fileRef = F28A21EF2729A20500E0319E /* homeDataModel.swift */; };
		F2A34E322729981C00B78517 /* HomeTableViewCell.swift in Sources */ = {isa = PBXBuildFile; fileRef = F2A34E302729981C00B78517 /* HomeTableViewCell.swift */; };
		F2A34E332729981C00B78517 /* HomeTableViewCell.xib in Resources */ = {isa = PBXBuildFile; fileRef = F2A34E312729981C00B78517 /* HomeTableViewCell.xib */; };
		F2C1979F271D0FF5001EAB15 /* SubscribeVC.swift in Sources */ = {isa = PBXBuildFile; fileRef = F2C1979D271D0FF5001EAB15 /* SubscribeVC.swift */; };
		F2C197A0271D0FF5001EAB15 /* LoginVC.swift in Sources */ = {isa = PBXBuildFile; fileRef = F2C19795271D0FF4001EAB15 /* LoginVC.swift */; };
		F2C197A2271D0FF5001EAB15 /* SignUpVC.swift in Sources */ = {isa = PBXBuildFile; fileRef = F2C19797271D0FF4001EAB15 /* SignUpVC.swift */; };
		F2C197A3271D0FF5001EAB15 /* HomeVC.swift in Sources */ = {isa = PBXBuildFile; fileRef = F2C1979E271D0FF5001EAB15 /* HomeVC.swift */; };
		F2C197A4271D0FF5001EAB15 /* MainTBC.swift in Sources */ = {isa = PBXBuildFile; fileRef = F2C19798271D0FF5001EAB15 /* MainTBC.swift */; };
		F2C197A5271D0FF5001EAB15 /* StoreVC.swift in Sources */ = {isa = PBXBuildFile; fileRef = F2C1979B271D0FF5001EAB15 /* StoreVC.swift */; };
		F2C197A6271D0FF5001EAB15 /* WelcomeVC.swift in Sources */ = {isa = PBXBuildFile; fileRef = F2C19799271D0FF5001EAB15 /* WelcomeVC.swift */; };
		F2C197A7271D0FF5001EAB15 /* PlusVC.swift in Sources */ = {isa = PBXBuildFile; fileRef = F2C19796271D0FF4001EAB15 /* PlusVC.swift */; };
		F2C197A8271D0FF5001EAB15 /* ShortsVC.swift in Sources */ = {isa = PBXBuildFile; fileRef = F2C1979C271D0FF5001EAB15 /* ShortsVC.swift */; };
		F2C6FF0B273542A40020E10F /* NavigationVC.swift in Sources */ = {isa = PBXBuildFile; fileRef = F2C6FF0A273542A30020E10F /* NavigationVC.swift */; };
		F2C6FF102735774F0020E10F /* APIConstants.swift in Sources */ = {isa = PBXBuildFile; fileRef = F2C6FF0F2735774F0020E10F /* APIConstants.swift */; };
		F2C6FF1227358D940020E10F /* NetworkResult.swift in Sources */ = {isa = PBXBuildFile; fileRef = F2C6FF1127358D940020E10F /* NetworkResult.swift */; };
		F2C6FF1427358DED0020E10F /* LoginResponseDataModel.swift in Sources */ = {isa = PBXBuildFile; fileRef = F2C6FF1327358DED0020E10F /* LoginResponseDataModel.swift */; };
		F2C6FF1627358E2E0020E10F /* UserSignService.swift in Sources */ = {isa = PBXBuildFile; fileRef = F2C6FF1527358E2E0020E10F /* UserSignService.swift */; };
/* End PBXBuildFile section */

/* Begin PBXFileReference section */
		56FFDC75825A62710E51DA24 /* Pods_Youtube_Clone.framework */ = {isa = PBXFileReference; explicitFileType = wrapper.framework; includeInIndex = 0; path = Pods_Youtube_Clone.framework; sourceTree = BUILT_PRODUCTS_DIR; };
		61D89D7086BC3D9328A74A61 /* Pods-Youtube-Clone.release.xcconfig */ = {isa = PBXFileReference; includeInIndex = 1; lastKnownFileType = text.xcconfig; name = "Pods-Youtube-Clone.release.xcconfig"; path = "Target Support Files/Pods-Youtube-Clone/Pods-Youtube-Clone.release.xcconfig"; sourceTree = "<group>"; };
		897925996AC5E91AF3826F36 /* Pods-Youtube-Clone.debug.xcconfig */ = {isa = PBXFileReference; includeInIndex = 1; lastKnownFileType = text.xcconfig; name = "Pods-Youtube-Clone.debug.xcconfig"; path = "Target Support Files/Pods-Youtube-Clone/Pods-Youtube-Clone.debug.xcconfig"; sourceTree = "<group>"; };
		F2492A67271815B400775417 /* SF-Pro-Display-Regular.otf */ = {isa = PBXFileReference; lastKnownFileType = file; path = "SF-Pro-Display-Regular.otf"; sourceTree = "<group>"; };
		F259A3D0272A7E96002F0532 /* ShortsCollectionViewCell.swift */ = {isa = PBXFileReference; lastKnownFileType = sourcecode.swift; path = ShortsCollectionViewCell.swift; sourceTree = "<group>"; };
		F259A3D1272A7E96002F0532 /* ShortsCollectionViewCell.xib */ = {isa = PBXFileReference; lastKnownFileType = file.xib; path = ShortsCollectionViewCell.xib; sourceTree = "<group>"; };
		F259A3D4272A81BC002F0532 /* shortsCollectionDataModel.swift */ = {isa = PBXFileReference; lastKnownFileType = sourcecode.swift; path = shortsCollectionDataModel.swift; sourceTree = "<group>"; };
		F25C6FEF272B864400967EBE /* CategoryCollectionViewCell.swift */ = {isa = PBXFileReference; lastKnownFileType = sourcecode.swift; path = CategoryCollectionViewCell.swift; sourceTree = "<group>"; };
		F25C6FF0272B864400967EBE /* CategoryCollectionViewCell.xib */ = {isa = PBXFileReference; lastKnownFileType = file.xib; path = CategoryCollectionViewCell.xib; sourceTree = "<group>"; };
		F27B0257271C5DA50034EFC4 /* SF-Pro-Display-Bold.otf */ = {isa = PBXFileReference; lastKnownFileType = file; path = "SF-Pro-Display-Bold.otf"; sourceTree = "<group>"; };
		F27B0259271C5DBA0034EFC4 /* SF-Pro-Display-Semibold.otf */ = {isa = PBXFileReference; lastKnownFileType = file; path = "SF-Pro-Display-Semibold.otf"; sourceTree = "<group>"; };
		F27B025F271C83340034EFC4 /* Tabbar.storyboard */ = {isa = PBXFileReference; lastKnownFileType = file.storyboard; path = Tabbar.storyboard; sourceTree = "<group>"; };
		F281F50B270D456D006EA470 /* Youtube-Clone.app */ = {isa = PBXFileReference; explicitFileType = wrapper.application; includeInIndex = 0; path = "Youtube-Clone.app"; sourceTree = BUILT_PRODUCTS_DIR; };
		F281F50E270D456D006EA470 /* AppDelegate.swift */ = {isa = PBXFileReference; lastKnownFileType = sourcecode.swift; path = AppDelegate.swift; sourceTree = "<group>"; };
		F281F510270D456D006EA470 /* SceneDelegate.swift */ = {isa = PBXFileReference; lastKnownFileType = sourcecode.swift; path = SceneDelegate.swift; sourceTree = "<group>"; };
		F281F515270D456D006EA470 /* Base */ = {isa = PBXFileReference; lastKnownFileType = file.storyboard; name = Base; path = Base.lproj/Main.storyboard; sourceTree = "<group>"; };
		F281F517270D456E006EA470 /* Assets.xcassets */ = {isa = PBXFileReference; lastKnownFileType = folder.assetcatalog; path = Assets.xcassets; sourceTree = "<group>"; };
		F281F51A270D456E006EA470 /* Base */ = {isa = PBXFileReference; lastKnownFileType = file.storyboard; name = Base; path = Base.lproj/LaunchScreen.storyboard; sourceTree = "<group>"; };
		F281F51C270D456E006EA470 /* Info.plist */ = {isa = PBXFileReference; lastKnownFileType = text.plist.xml; name = Info.plist; path = "Youtube-Clone/Supporting Files/Info.plist"; sourceTree = SOURCE_ROOT; };
		F28A21EF2729A20500E0319E /* homeDataModel.swift */ = {isa = PBXFileReference; lastKnownFileType = sourcecode.swift; path = homeDataModel.swift; sourceTree = "<group>"; };
		F2A34E302729981C00B78517 /* HomeTableViewCell.swift */ = {isa = PBXFileReference; lastKnownFileType = sourcecode.swift; path = HomeTableViewCell.swift; sourceTree = "<group>"; };
		F2A34E312729981C00B78517 /* HomeTableViewCell.xib */ = {isa = PBXFileReference; lastKnownFileType = file.xib; path = HomeTableViewCell.xib; sourceTree = "<group>"; };
		F2C19795271D0FF4001EAB15 /* LoginVC.swift */ = {isa = PBXFileReference; lastKnownFileType = sourcecode.swift; path = LoginVC.swift; sourceTree = "<group>"; };
		F2C19796271D0FF4001EAB15 /* PlusVC.swift */ = {isa = PBXFileReference; lastKnownFileType = sourcecode.swift; path = PlusVC.swift; sourceTree = "<group>"; };
		F2C19797271D0FF4001EAB15 /* SignUpVC.swift */ = {isa = PBXFileReference; lastKnownFileType = sourcecode.swift; path = SignUpVC.swift; sourceTree = "<group>"; };
		F2C19798271D0FF5001EAB15 /* MainTBC.swift */ = {isa = PBXFileReference; lastKnownFileType = sourcecode.swift; path = MainTBC.swift; sourceTree = "<group>"; };
		F2C19799271D0FF5001EAB15 /* WelcomeVC.swift */ = {isa = PBXFileReference; lastKnownFileType = sourcecode.swift; path = WelcomeVC.swift; sourceTree = "<group>"; };
		F2C1979B271D0FF5001EAB15 /* StoreVC.swift */ = {isa = PBXFileReference; lastKnownFileType = sourcecode.swift; path = StoreVC.swift; sourceTree = "<group>"; };
		F2C1979C271D0FF5001EAB15 /* ShortsVC.swift */ = {isa = PBXFileReference; lastKnownFileType = sourcecode.swift; path = ShortsVC.swift; sourceTree = "<group>"; };
		F2C1979D271D0FF5001EAB15 /* SubscribeVC.swift */ = {isa = PBXFileReference; lastKnownFileType = sourcecode.swift; path = SubscribeVC.swift; sourceTree = "<group>"; };
		F2C1979E271D0FF5001EAB15 /* HomeVC.swift */ = {isa = PBXFileReference; lastKnownFileType = sourcecode.swift; path = HomeVC.swift; sourceTree = "<group>"; };
		F2C6FF0A273542A30020E10F /* NavigationVC.swift */ = {isa = PBXFileReference; lastKnownFileType = sourcecode.swift; path = NavigationVC.swift; sourceTree = "<group>"; };
		F2C6FF0F2735774F0020E10F /* APIConstants.swift */ = {isa = PBXFileReference; lastKnownFileType = sourcecode.swift; path = APIConstants.swift; sourceTree = "<group>"; };
		F2C6FF1127358D940020E10F /* NetworkResult.swift */ = {isa = PBXFileReference; lastKnownFileType = sourcecode.swift; path = NetworkResult.swift; sourceTree = "<group>"; };
		F2C6FF1327358DED0020E10F /* LoginResponseDataModel.swift */ = {isa = PBXFileReference; lastKnownFileType = sourcecode.swift; path = LoginResponseDataModel.swift; sourceTree = "<group>"; };
		F2C6FF1527358E2E0020E10F /* UserSignService.swift */ = {isa = PBXFileReference; lastKnownFileType = sourcecode.swift; path = UserSignService.swift; sourceTree = "<group>"; };
/* End PBXFileReference section */

/* Begin PBXFrameworksBuildPhase section */
		F281F508270D456D006EA470 /* Frameworks */ = {
			isa = PBXFrameworksBuildPhase;
			buildActionMask = 2147483647;
			files = (
				421171BDF9D1AEA96D0A1BED /* Pods_Youtube_Clone.framework in Frameworks */,
			);
			runOnlyForDeploymentPostprocessing = 0;
		};
/* End PBXFrameworksBuildPhase section */

/* Begin PBXGroup section */
		60040906389782D57F0A597F /* Pods */ = {
			isa = PBXGroup;
			children = (
				897925996AC5E91AF3826F36 /* Pods-Youtube-Clone.debug.xcconfig */,
				61D89D7086BC3D9328A74A61 /* Pods-Youtube-Clone.release.xcconfig */,
			);
			path = Pods;
			sourceTree = "<group>";
		};
		93F6F64752BCC24C5E0B7471 /* Frameworks */ = {
			isa = PBXGroup;
			children = (
				56FFDC75825A62710E51DA24 /* Pods_Youtube_Clone.framework */,
			);
			name = Frameworks;
			sourceTree = "<group>";
		};
		F281F502270D456D006EA470 = {
			isa = PBXGroup;
			children = (
				F281F50D270D456D006EA470 /* Youtube-Clone */,
				F281F50C270D456D006EA470 /* Products */,
				60040906389782D57F0A597F /* Pods */,
				93F6F64752BCC24C5E0B7471 /* Frameworks */,
			);
			sourceTree = "<group>";
		};
		F281F50C270D456D006EA470 /* Products */ = {
			isa = PBXGroup;
			children = (
				F281F50B270D456D006EA470 /* Youtube-Clone.app */,
			);
			name = Products;
			sourceTree = "<group>";
		};
		F281F50D270D456D006EA470 /* Youtube-Clone */ = {
			isa = PBXGroup;
			children = (
				F2A34E2D2729966800B78517 /* Utils */,
				F283BAE1271D16C20022A5D9 /* Supporting Files */,
				F283BAE0271D168B0022A5D9 /* Delegate */,
				F2C197AE271D15E2001EAB15 /* Storyboards */,
				F2C6FF0C273576D30020E10F /* Server */,
				F2C197AA271D152E001EAB15 /* View Controllers */,
			);
			path = "Youtube-Clone";
			sourceTree = "<group>";
		};
		F283BAE0271D168B0022A5D9 /* Delegate */ = {
			isa = PBXGroup;
			children = (
				F281F50E270D456D006EA470 /* AppDelegate.swift */,
				F281F510270D456D006EA470 /* SceneDelegate.swift */,
			);
			path = Delegate;
			sourceTree = "<group>";
		};
		F283BAE1271D16C20022A5D9 /* Supporting Files */ = {
			isa = PBXGroup;
			children = (
				F281F517270D456E006EA470 /* Assets.xcassets */,
				F281F51C270D456E006EA470 /* Info.plist */,
				F27B0257271C5DA50034EFC4 /* SF-Pro-Display-Bold.otf */,
				F27B0259271C5DBA0034EFC4 /* SF-Pro-Display-Semibold.otf */,
				F2492A67271815B400775417 /* SF-Pro-Display-Regular.otf */,
			);
			path = "Supporting Files";
			sourceTree = "<group>";
		};
		F2A34E2D2729966800B78517 /* Utils */ = {
			isa = PBXGroup;
			children = (
			);
			path = Utils;
			sourceTree = "<group>";
		};
		F2A34E2F272997EB00B78517 /* Home */ = {
			isa = PBXGroup;
			children = (
				F2C1979E271D0FF5001EAB15 /* HomeVC.swift */,
				F2A34E312729981C00B78517 /* HomeTableViewCell.xib */,
				F2A34E302729981C00B78517 /* HomeTableViewCell.swift */,
				F28A21EF2729A20500E0319E /* homeDataModel.swift */,
				F259A3D1272A7E96002F0532 /* ShortsCollectionViewCell.xib */,
				F259A3D0272A7E96002F0532 /* ShortsCollectionViewCell.swift */,
				F259A3D4272A81BC002F0532 /* shortsCollectionDataModel.swift */,
				F25C6FF0272B864400967EBE /* CategoryCollectionViewCell.xib */,
				F25C6FEF272B864400967EBE /* CategoryCollectionViewCell.swift */,
			);
			path = Home;
			sourceTree = "<group>";
		};
		F2C197AA271D152E001EAB15 /* View Controllers */ = {
			isa = PBXGroup;
			children = (
				F2C197AC271D1560001EAB15 /* Main */,
				F2C197AB271D1542001EAB15 /* Tab */,
			);
			path = "View Controllers";
			sourceTree = "<group>";
		};
		F2C197AB271D1542001EAB15 /* Tab */ = {
			isa = PBXGroup;
			children = (
				F2A34E2F272997EB00B78517 /* Home */,
				F2C19798271D0FF5001EAB15 /* MainTBC.swift */,
				F2C1979C271D0FF5001EAB15 /* ShortsVC.swift */,
				F2C19796271D0FF4001EAB15 /* PlusVC.swift */,
				F2C1979D271D0FF5001EAB15 /* SubscribeVC.swift */,
				F2C1979B271D0FF5001EAB15 /* StoreVC.swift */,
			);
			path = Tab;
			sourceTree = "<group>";
		};
		F2C197AC271D1560001EAB15 /* Main */ = {
			isa = PBXGroup;
			children = (
				F2C6FF0A273542A30020E10F /* NavigationVC.swift */,
				F2C19795271D0FF4001EAB15 /* LoginVC.swift */,
				F2C19797271D0FF4001EAB15 /* SignUpVC.swift */,
				F2C19799271D0FF5001EAB15 /* WelcomeVC.swift */,
			);
			path = Main;
			sourceTree = "<group>";
		};
		F2C197AE271D15E2001EAB15 /* Storyboards */ = {
			isa = PBXGroup;
			children = (
				F281F514270D456D006EA470 /* Main.storyboard */,
				F281F519270D456E006EA470 /* LaunchScreen.storyboard */,
				F27B025F271C83340034EFC4 /* Tabbar.storyboard */,
			);
			path = Storyboards;
			sourceTree = "<group>";
		};
		F2C6FF0C273576D30020E10F /* Server */ = {
			isa = PBXGroup;
			children = (
				F2C6FF0F2735774F0020E10F /* APIConstants.swift */,
				F2C6FF1127358D940020E10F /* NetworkResult.swift */,
				F2C6FF1327358DED0020E10F /* LoginResponseDataModel.swift */,
				F2C6FF1527358E2E0020E10F /* UserSignService.swift */,
			);
			path = Server;
			sourceTree = "<group>";
		};
/* End PBXGroup section */

/* Begin PBXNativeTarget section */
		F281F50A270D456D006EA470 /* Youtube-Clone */ = {
			isa = PBXNativeTarget;
			buildConfigurationList = F281F51F270D456E006EA470 /* Build configuration list for PBXNativeTarget "Youtube-Clone" */;
			buildPhases = (
				9CCB856ED34F117331FE64AB /* [CP] Check Pods Manifest.lock */,
				F281F507270D456D006EA470 /* Sources */,
				F281F508270D456D006EA470 /* Frameworks */,
				F281F509270D456D006EA470 /* Resources */,
				6669B3DD5A7626224012A8C1 /* [CP] Embed Pods Frameworks */,
			);
			buildRules = (
			);
			dependencies = (
			);
			name = "Youtube-Clone";
			productName = "29th-week1-hw";
			productReference = F281F50B270D456D006EA470 /* Youtube-Clone.app */;
			productType = "com.apple.product-type.application";
		};
/* End PBXNativeTarget section */

/* Begin PBXProject section */
		F281F503270D456D006EA470 /* Project object */ = {
			isa = PBXProject;
			attributes = {
				BuildIndependentTargetsInParallel = 1;
				LastSwiftUpdateCheck = 1300;
				LastUpgradeCheck = 1300;
				TargetAttributes = {
					F281F50A270D456D006EA470 = {
						CreatedOnToolsVersion = 13.0;
					};
				};
			};
			buildConfigurationList = F281F506270D456D006EA470 /* Build configuration list for PBXProject "Youtube-Clone" */;
			compatibilityVersion = "Xcode 13.0";
			developmentRegion = en;
			hasScannedForEncodings = 0;
			knownRegions = (
				en,
				Base,
			);
			mainGroup = F281F502270D456D006EA470;
			productRefGroup = F281F50C270D456D006EA470 /* Products */;
			projectDirPath = "";
			projectRoot = "";
			targets = (
				F281F50A270D456D006EA470 /* Youtube-Clone */,
			);
		};
/* End PBXProject section */

/* Begin PBXResourcesBuildPhase section */
		F281F509270D456D006EA470 /* Resources */ = {
			isa = PBXResourcesBuildPhase;
			buildActionMask = 2147483647;
			files = (
				F27B025A271C5DBA0034EFC4 /* SF-Pro-Display-Semibold.otf in Resources */,
				F281F51B270D456E006EA470 /* LaunchScreen.storyboard in Resources */,
				F27B0258271C5DA50034EFC4 /* SF-Pro-Display-Bold.otf in Resources */,
				F281F518270D456E006EA470 /* Assets.xcassets in Resources */,
				F259A3D3272A7E96002F0532 /* ShortsCollectionViewCell.xib in Resources */,
				F2A34E332729981C00B78517 /* HomeTableViewCell.xib in Resources */,
				F25C6FF2272B864400967EBE /* CategoryCollectionViewCell.xib in Resources */,
				F2492A68271815B400775417 /* SF-Pro-Display-Regular.otf in Resources */,
				F27B0260271C83340034EFC4 /* Tabbar.storyboard in Resources */,
				F281F516270D456D006EA470 /* Main.storyboard in Resources */,
			);
			runOnlyForDeploymentPostprocessing = 0;
		};
/* End PBXResourcesBuildPhase section */

/* Begin PBXShellScriptBuildPhase section */
		6669B3DD5A7626224012A8C1 /* [CP] Embed Pods Frameworks */ = {
			isa = PBXShellScriptBuildPhase;
			buildActionMask = 2147483647;
			files = (
			);
			inputFileListPaths = (
				"${PODS_ROOT}/Target Support Files/Pods-Youtube-Clone/Pods-Youtube-Clone-frameworks-${CONFIGURATION}-input-files.xcfilelist",
			);
			name = "[CP] Embed Pods Frameworks";
			outputFileListPaths = (
				"${PODS_ROOT}/Target Support Files/Pods-Youtube-Clone/Pods-Youtube-Clone-frameworks-${CONFIGURATION}-output-files.xcfilelist",
			);
			runOnlyForDeploymentPostprocessing = 0;
			shellPath = /bin/sh;
			shellScript = "\"${PODS_ROOT}/Target Support Files/Pods-Youtube-Clone/Pods-Youtube-Clone-frameworks.sh\"\n";
			showEnvVarsInLog = 0;
		};
		9CCB856ED34F117331FE64AB /* [CP] Check Pods Manifest.lock */ = {
			isa = PBXShellScriptBuildPhase;
			buildActionMask = 2147483647;
			files = (
			);
			inputFileListPaths = (
			);
			inputPaths = (
				"${PODS_PODFILE_DIR_PATH}/Podfile.lock",
				"${PODS_ROOT}/Manifest.lock",
			);
			name = "[CP] Check Pods Manifest.lock";
			outputFileListPaths = (
			);
			outputPaths = (
				"$(DERIVED_FILE_DIR)/Pods-Youtube-Clone-checkManifestLockResult.txt",
			);
			runOnlyForDeploymentPostprocessing = 0;
			shellPath = /bin/sh;
			shellScript = "diff \"${PODS_PODFILE_DIR_PATH}/Podfile.lock\" \"${PODS_ROOT}/Manifest.lock\" > /dev/null\nif [ $? != 0 ] ; then\n    # print error to STDERR\n    echo \"error: The sandbox is not in sync with the Podfile.lock. Run 'pod install' or update your CocoaPods installation.\" >&2\n    exit 1\nfi\n# This output is used by Xcode 'outputs' to avoid re-running this script phase.\necho \"SUCCESS\" > \"${SCRIPT_OUTPUT_FILE_0}\"\n";
			showEnvVarsInLog = 0;
		};
/* End PBXShellScriptBuildPhase section */

/* Begin PBXSourcesBuildPhase section */
		F281F507270D456D006EA470 /* Sources */ = {
			isa = PBXSourcesBuildPhase;
			buildActionMask = 2147483647;
			files = (
				F25C6FF1272B864400967EBE /* CategoryCollectionViewCell.swift in Sources */,
				F2C6FF1627358E2E0020E10F /* UserSignService.swift in Sources */,
				F259A3D5272A81BC002F0532 /* shortsCollectionDataModel.swift in Sources */,
				F2C6FF1427358DED0020E10F /* LoginResponseDataModel.swift in Sources */,
				F2C197A3271D0FF5001EAB15 /* HomeVC.swift in Sources */,
				F2C6FF0B273542A40020E10F /* NavigationVC.swift in Sources */,
				F2C197A6271D0FF5001EAB15 /* WelcomeVC.swift in Sources */,
				F2C197A8271D0FF5001EAB15 /* ShortsVC.swift in Sources */,
				F2C1979F271D0FF5001EAB15 /* SubscribeVC.swift in Sources */,
				F2C197A4271D0FF5001EAB15 /* MainTBC.swift in Sources */,
				F2C197A2271D0FF5001EAB15 /* SignUpVC.swift in Sources */,
				F2A34E322729981C00B78517 /* HomeTableViewCell.swift in Sources */,
				F259A3D2272A7E96002F0532 /* ShortsCollectionViewCell.swift in Sources */,
				F28A21F02729A20500E0319E /* homeDataModel.swift in Sources */,
				F281F50F270D456D006EA470 /* AppDelegate.swift in Sources */,
				F2C197A0271D0FF5001EAB15 /* LoginVC.swift in Sources */,
				F2C6FF102735774F0020E10F /* APIConstants.swift in Sources */,
				F281F511270D456D006EA470 /* SceneDelegate.swift in Sources */,
				F2C197A5271D0FF5001EAB15 /* StoreVC.swift in Sources */,
				F2C197A7271D0FF5001EAB15 /* PlusVC.swift in Sources */,
				F2C6FF1227358D940020E10F /* NetworkResult.swift in Sources */,
			);
			runOnlyForDeploymentPostprocessing = 0;
		};
/* End PBXSourcesBuildPhase section */

/* Begin PBXVariantGroup section */
		F281F514270D456D006EA470 /* Main.storyboard */ = {
			isa = PBXVariantGroup;
			children = (
				F281F515270D456D006EA470 /* Base */,
			);
			name = Main.storyboard;
			sourceTree = "<group>";
		};
		F281F519270D456E006EA470 /* LaunchScreen.storyboard */ = {
			isa = PBXVariantGroup;
			children = (
				F281F51A270D456E006EA470 /* Base */,
			);
			name = LaunchScreen.storyboard;
			sourceTree = "<group>";
		};
/* End PBXVariantGroup section */

/* Begin XCBuildConfiguration section */
		F281F51D270D456E006EA470 /* Debug */ = {
			isa = XCBuildConfiguration;
			buildSettings = {
				ALWAYS_SEARCH_USER_PATHS = NO;
				CLANG_ANALYZER_NONNULL = YES;
				CLANG_ANALYZER_NUMBER_OBJECT_CONVERSION = YES_AGGRESSIVE;
				CLANG_CXX_LANGUAGE_STANDARD = "gnu++17";
				CLANG_CXX_LIBRARY = "libc++";
				CLANG_ENABLE_MODULES = YES;
				CLANG_ENABLE_OBJC_ARC = YES;
				CLANG_ENABLE_OBJC_WEAK = YES;
				CLANG_WARN_BLOCK_CAPTURE_AUTORELEASING = YES;
				CLANG_WARN_BOOL_CONVERSION = YES;
				CLANG_WARN_COMMA = YES;
				CLANG_WARN_CONSTANT_CONVERSION = YES;
				CLANG_WARN_DEPRECATED_OBJC_IMPLEMENTATIONS = YES;
				CLANG_WARN_DIRECT_OBJC_ISA_USAGE = YES_ERROR;
				CLANG_WARN_DOCUMENTATION_COMMENTS = YES;
				CLANG_WARN_EMPTY_BODY = YES;
				CLANG_WARN_ENUM_CONVERSION = YES;
				CLANG_WARN_INFINITE_RECURSION = YES;
				CLANG_WARN_INT_CONVERSION = YES;
				CLANG_WARN_NON_LITERAL_NULL_CONVERSION = YES;
				CLANG_WARN_OBJC_IMPLICIT_RETAIN_SELF = YES;
				CLANG_WARN_OBJC_LITERAL_CONVERSION = YES;
				CLANG_WARN_OBJC_ROOT_CLASS = YES_ERROR;
				CLANG_WARN_QUOTED_INCLUDE_IN_FRAMEWORK_HEADER = YES;
				CLANG_WARN_RANGE_LOOP_ANALYSIS = YES;
				CLANG_WARN_STRICT_PROTOTYPES = YES;
				CLANG_WARN_SUSPICIOUS_MOVE = YES;
				CLANG_WARN_UNGUARDED_AVAILABILITY = YES_AGGRESSIVE;
				CLANG_WARN_UNREACHABLE_CODE = YES;
				CLANG_WARN__DUPLICATE_METHOD_MATCH = YES;
				COPY_PHASE_STRIP = NO;
				DEBUG_INFORMATION_FORMAT = dwarf;
				ENABLE_STRICT_OBJC_MSGSEND = YES;
				ENABLE_TESTABILITY = YES;
				GCC_C_LANGUAGE_STANDARD = gnu11;
				GCC_DYNAMIC_NO_PIC = NO;
				GCC_NO_COMMON_BLOCKS = YES;
				GCC_OPTIMIZATION_LEVEL = 0;
				GCC_PREPROCESSOR_DEFINITIONS = (
					"DEBUG=1",
					"$(inherited)",
				);
				GCC_WARN_64_TO_32_BIT_CONVERSION = YES;
				GCC_WARN_ABOUT_RETURN_TYPE = YES_ERROR;
				GCC_WARN_UNDECLARED_SELECTOR = YES;
				GCC_WARN_UNINITIALIZED_AUTOS = YES_AGGRESSIVE;
				GCC_WARN_UNUSED_FUNCTION = YES;
				GCC_WARN_UNUSED_VARIABLE = YES;
				IPHONEOS_DEPLOYMENT_TARGET = 15.0;
				MTL_ENABLE_DEBUG_INFO = INCLUDE_SOURCE;
				MTL_FAST_MATH = YES;
				ONLY_ACTIVE_ARCH = YES;
				SDKROOT = iphoneos;
				SWIFT_ACTIVE_COMPILATION_CONDITIONS = DEBUG;
				SWIFT_OPTIMIZATION_LEVEL = "-Onone";
			};
			name = Debug;
		};
		F281F51E270D456E006EA470 /* Release */ = {
			isa = XCBuildConfiguration;
			buildSettings = {
				ALWAYS_SEARCH_USER_PATHS = NO;
				CLANG_ANALYZER_NONNULL = YES;
				CLANG_ANALYZER_NUMBER_OBJECT_CONVERSION = YES_AGGRESSIVE;
				CLANG_CXX_LANGUAGE_STANDARD = "gnu++17";
				CLANG_CXX_LIBRARY = "libc++";
				CLANG_ENABLE_MODULES = YES;
				CLANG_ENABLE_OBJC_ARC = YES;
				CLANG_ENABLE_OBJC_WEAK = YES;
				CLANG_WARN_BLOCK_CAPTURE_AUTORELEASING = YES;
				CLANG_WARN_BOOL_CONVERSION = YES;
				CLANG_WARN_COMMA = YES;
				CLANG_WARN_CONSTANT_CONVERSION = YES;
				CLANG_WARN_DEPRECATED_OBJC_IMPLEMENTATIONS = YES;
				CLANG_WARN_DIRECT_OBJC_ISA_USAGE = YES_ERROR;
				CLANG_WARN_DOCUMENTATION_COMMENTS = YES;
				CLANG_WARN_EMPTY_BODY = YES;
				CLANG_WARN_ENUM_CONVERSION = YES;
				CLANG_WARN_INFINITE_RECURSION = YES;
				CLANG_WARN_INT_CONVERSION = YES;
				CLANG_WARN_NON_LITERAL_NULL_CONVERSION = YES;
				CLANG_WARN_OBJC_IMPLICIT_RETAIN_SELF = YES;
				CLANG_WARN_OBJC_LITERAL_CONVERSION = YES;
				CLANG_WARN_OBJC_ROOT_CLASS = YES_ERROR;
				CLANG_WARN_QUOTED_INCLUDE_IN_FRAMEWORK_HEADER = YES;
				CLANG_WARN_RANGE_LOOP_ANALYSIS = YES;
				CLANG_WARN_STRICT_PROTOTYPES = YES;
				CLANG_WARN_SUSPICIOUS_MOVE = YES;
				CLANG_WARN_UNGUARDED_AVAILABILITY = YES_AGGRESSIVE;
				CLANG_WARN_UNREACHABLE_CODE = YES;
				CLANG_WARN__DUPLICATE_METHOD_MATCH = YES;
				COPY_PHASE_STRIP = NO;
				DEBUG_INFORMATION_FORMAT = "dwarf-with-dsym";
				ENABLE_NS_ASSERTIONS = NO;
				ENABLE_STRICT_OBJC_MSGSEND = YES;
				GCC_C_LANGUAGE_STANDARD = gnu11;
				GCC_NO_COMMON_BLOCKS = YES;
				GCC_WARN_64_TO_32_BIT_CONVERSION = YES;
				GCC_WARN_ABOUT_RETURN_TYPE = YES_ERROR;
				GCC_WARN_UNDECLARED_SELECTOR = YES;
				GCC_WARN_UNINITIALIZED_AUTOS = YES_AGGRESSIVE;
				GCC_WARN_UNUSED_FUNCTION = YES;
				GCC_WARN_UNUSED_VARIABLE = YES;
				IPHONEOS_DEPLOYMENT_TARGET = 15.0;
				MTL_ENABLE_DEBUG_INFO = NO;
				MTL_FAST_MATH = YES;
				SDKROOT = iphoneos;
				SWIFT_COMPILATION_MODE = wholemodule;
				SWIFT_OPTIMIZATION_LEVEL = "-O";
				VALIDATE_PRODUCT = YES;
			};
			name = Release;
		};
		F281F520270D456E006EA470 /* Debug */ = {
			isa = XCBuildConfiguration;
			baseConfigurationReference = 897925996AC5E91AF3826F36 /* Pods-Youtube-Clone.debug.xcconfig */;
			buildSettings = {
				ASSETCATALOG_COMPILER_APPICON_NAME = AppIcon;
				ASSETCATALOG_COMPILER_GLOBAL_ACCENT_COLOR_NAME = AccentColor;
				CODE_SIGN_STYLE = Automatic;
				CURRENT_PROJECT_VERSION = 1;
				DEVELOPMENT_TEAM = 5JQQ946A44;
				GENERATE_INFOPLIST_FILE = YES;
				INFOPLIST_FILE = "Youtube-Clone/Supporting Files/Info.plist";
				INFOPLIST_KEY_UIApplicationSupportsIndirectInputEvents = YES;
				INFOPLIST_KEY_UILaunchStoryboardName = LaunchScreen;
				INFOPLIST_KEY_UIMainStoryboardFile = Main;
				INFOPLIST_KEY_UISupportedInterfaceOrientations_iPad = "UIInterfaceOrientationPortrait UIInterfaceOrientationPortraitUpsideDown UIInterfaceOrientationLandscapeLeft UIInterfaceOrientationLandscapeRight";
				INFOPLIST_KEY_UISupportedInterfaceOrientations_iPhone = "UIInterfaceOrientationPortrait UIInterfaceOrientationLandscapeLeft UIInterfaceOrientationLandscapeRight";
				LD_RUNPATH_SEARCH_PATHS = (
					"$(inherited)",
					"@executable_path/Frameworks",
				);
				MARKETING_VERSION = 1.0;
				PRODUCT_BUNDLE_IDENTIFIER = "com.Youtube-Clone";
				PRODUCT_NAME = "$(TARGET_NAME)";
				SWIFT_EMIT_LOC_STRINGS = YES;
				SWIFT_VERSION = 5.0;
				TARGETED_DEVICE_FAMILY = "1,2";
			};
			name = Debug;
		};
		F281F521270D456E006EA470 /* Release */ = {
			isa = XCBuildConfiguration;
			baseConfigurationReference = 61D89D7086BC3D9328A74A61 /* Pods-Youtube-Clone.release.xcconfig */;
			buildSettings = {
				ASSETCATALOG_COMPILER_APPICON_NAME = AppIcon;
				ASSETCATALOG_COMPILER_GLOBAL_ACCENT_COLOR_NAME = AccentColor;
				CODE_SIGN_STYLE = Automatic;
				CURRENT_PROJECT_VERSION = 1;
				DEVELOPMENT_TEAM = 5JQQ946A44;
				GENERATE_INFOPLIST_FILE = YES;
				INFOPLIST_FILE = "Youtube-Clone/Supporting Files/Info.plist";
				INFOPLIST_KEY_UIApplicationSupportsIndirectInputEvents = YES;
				INFOPLIST_KEY_UILaunchStoryboardName = LaunchScreen;
				INFOPLIST_KEY_UIMainStoryboardFile = Main;
				INFOPLIST_KEY_UISupportedInterfaceOrientations_iPad = "UIInterfaceOrientationPortrait UIInterfaceOrientationPortraitUpsideDown UIInterfaceOrientationLandscapeLeft UIInterfaceOrientationLandscapeRight";
				INFOPLIST_KEY_UISupportedInterfaceOrientations_iPhone = "UIInterfaceOrientationPortrait UIInterfaceOrientationLandscapeLeft UIInterfaceOrientationLandscapeRight";
				LD_RUNPATH_SEARCH_PATHS = (
					"$(inherited)",
					"@executable_path/Frameworks",
				);
				MARKETING_VERSION = 1.0;
				PRODUCT_BUNDLE_IDENTIFIER = "com.Youtube-Clone";
				PRODUCT_NAME = "$(TARGET_NAME)";
				SWIFT_EMIT_LOC_STRINGS = YES;
				SWIFT_VERSION = 5.0;
				TARGETED_DEVICE_FAMILY = "1,2";
			};
			name = Release;
		};
/* End XCBuildConfiguration section */

/* Begin XCConfigurationList section */
		F281F506270D456D006EA470 /* Build configuration list for PBXProject "Youtube-Clone" */ = {
			isa = XCConfigurationList;
			buildConfigurations = (
				F281F51D270D456E006EA470 /* Debug */,
				F281F51E270D456E006EA470 /* Release */,
			);
			defaultConfigurationIsVisible = 0;
			defaultConfigurationName = Release;
		};
		F281F51F270D456E006EA470 /* Build configuration list for PBXNativeTarget "Youtube-Clone" */ = {
			isa = XCConfigurationList;
			buildConfigurations = (
				F281F520270D456E006EA470 /* Debug */,
				F281F521270D456E006EA470 /* Release */,
			);
			defaultConfigurationIsVisible = 0;
			defaultConfigurationName = Release;
		};
/* End XCConfigurationList section */
	};
	rootObject = F281F503270D456D006EA470 /* Project object */;
}
